// !$*UTF8*$!
{
	archiveVersion = 1;
	classes = {
	};
	objectVersion = 50;
	objects = {

/* Begin PBXBuildFile section */
		80705A56211379BB00488F71 /* main.swift in Sources */ = {isa = PBXBuildFile; fileRef = 80705A55211379BB00488F71 /* main.swift */; };
		80705A5D21141E6000488F71 /* parse.swift in Sources */ = {isa = PBXBuildFile; fileRef = 80705A5C21141E6000488F71 /* parse.swift */; };
		80705A5F21142DB800488F71 /* search.swift in Sources */ = {isa = PBXBuildFile; fileRef = 80705A5E21142DB800488F71 /* search.swift */; };
		80705A612114380200488F71 /* execute.swift in Sources */ = {isa = PBXBuildFile; fileRef = 80705A602114380200488F71 /* execute.swift */; };
		80705A632114CDCD00488F71 /* process.swift in Sources */ = {isa = PBXBuildFile; fileRef = 80705A622114CDCD00488F71 /* process.swift */; };
		80705A652114D18400488F71 /* colors.swift in Sources */ = {isa = PBXBuildFile; fileRef = 80705A642114D18400488F71 /* colors.swift */; };
		80705A6721191FAB00488F71 /* help.swift in Sources */ = {isa = PBXBuildFile; fileRef = 80705A6621191FAB00488F71 /* help.swift */; };
/* End PBXBuildFile section */

/* Begin PBXCopyFilesBuildPhase section */
		80705A50211379BB00488F71 /* CopyFiles */ = {
			isa = PBXCopyFilesBuildPhase;
			buildActionMask = 2147483647;
			dstPath = /usr/share/man/man1/;
			dstSubfolderSpec = 0;
			files = (
			);
			runOnlyForDeploymentPostprocessing = 1;
		};
/* End PBXCopyFilesBuildPhase section */

/* Begin PBXFileReference section */
		80705A52211379BB00488F71 /* upstream */ = {isa = PBXFileReference; explicitFileType = "compiled.mach-o.executable"; includeInIndex = 0; path = upstream; sourceTree = BUILT_PRODUCTS_DIR; };
		80705A55211379BB00488F71 /* main.swift */ = {isa = PBXFileReference; lastKnownFileType = sourcecode.swift; path = main.swift; sourceTree = "<group>"; };
		80705A5C21141E6000488F71 /* parse.swift */ = {isa = PBXFileReference; lastKnownFileType = sourcecode.swift; path = parse.swift; sourceTree = "<group>"; };
		80705A5E21142DB800488F71 /* search.swift */ = {isa = PBXFileReference; lastKnownFileType = sourcecode.swift; path = search.swift; sourceTree = "<group>"; };
		80705A602114380200488F71 /* execute.swift */ = {isa = PBXFileReference; lastKnownFileType = sourcecode.swift; path = execute.swift; sourceTree = "<group>"; };
		80705A622114CDCD00488F71 /* process.swift */ = {isa = PBXFileReference; lastKnownFileType = sourcecode.swift; path = process.swift; sourceTree = "<group>"; };
		80705A642114D18400488F71 /* colors.swift */ = {isa = PBXFileReference; lastKnownFileType = sourcecode.swift; path = colors.swift; sourceTree = "<group>"; };
		80705A6621191FAB00488F71 /* help.swift */ = {isa = PBXFileReference; lastKnownFileType = sourcecode.swift; path = help.swift; sourceTree = "<group>"; };
/* End PBXFileReference section */

/* Begin PBXFrameworksBuildPhase section */
		80705A4F211379BB00488F71 /* Frameworks */ = {
			isa = PBXFrameworksBuildPhase;
			buildActionMask = 2147483647;
			files = (
			);
			runOnlyForDeploymentPostprocessing = 0;
		};
/* End PBXFrameworksBuildPhase section */

/* Begin PBXGroup section */
		80705A49211379BB00488F71 = {
			isa = PBXGroup;
			children = (
				80705A54211379BB00488F71 /* upstream */,
				80705A53211379BB00488F71 /* Products */,
			);
			sourceTree = "<group>";
		};
		80705A53211379BB00488F71 /* Products */ = {
			isa = PBXGroup;
			children = (
				80705A52211379BB00488F71 /* upstream */,
			);
			name = Products;
			sourceTree = "<group>";
		};
		80705A54211379BB00488F71 /* upstream */ = {
			isa = PBXGroup;
			children = (
				80705A55211379BB00488F71 /* main.swift */,
				80705A5E21142DB800488F71 /* search.swift */,
				80705A5C21141E6000488F71 /* parse.swift */,
				80705A622114CDCD00488F71 /* process.swift */,
				80705A602114380200488F71 /* execute.swift */,
				80705A642114D18400488F71 /* colors.swift */,
				80705A6621191FAB00488F71 /* help.swift */,
			);
			path = upstream;
			sourceTree = "<group>";
		};
/* End PBXGroup section */

/* Begin PBXNativeTarget section */
		80705A51211379BB00488F71 /* upstream */ = {
			isa = PBXNativeTarget;
			buildConfigurationList = 80705A59211379BB00488F71 /* Build configuration list for PBXNativeTarget "upstream" */;
			buildPhases = (
				80705A4E211379BB00488F71 /* Sources */,
				80705A4F211379BB00488F71 /* Frameworks */,
				80705A50211379BB00488F71 /* CopyFiles */,
			);
			buildRules = (
			);
			dependencies = (
			);
			name = upstream;
			productName = upstream;
			productReference = 80705A52211379BB00488F71 /* upstream */;
			productType = "com.apple.product-type.tool";
		};
/* End PBXNativeTarget section */

/* Begin PBXProject section */
		80705A4A211379BB00488F71 /* Project object */ = {
			isa = PBXProject;
			attributes = {
				LastSwiftUpdateCheck = 0940;
				LastUpgradeCheck = 0940;
				ORGANIZATIONNAME = "Dexcom, Inc.";
				TargetAttributes = {
					80705A51211379BB00488F71 = {
						CreatedOnToolsVersion = 9.4.1;
					};
				};
			};
			buildConfigurationList = 80705A4D211379BB00488F71 /* Build configuration list for PBXProject "upstream" */;
			compatibilityVersion = "Xcode 9.3";
			developmentRegion = en;
			hasScannedForEncodings = 0;
			knownRegions = (
				en,
			);
			mainGroup = 80705A49211379BB00488F71;
			productRefGroup = 80705A53211379BB00488F71 /* Products */;
			projectDirPath = "";
			projectRoot = "";
			targets = (
				80705A51211379BB00488F71 /* upstream */,
			);
		};
/* End PBXProject section */

/* Begin PBXSourcesBuildPhase section */
		80705A4E211379BB00488F71 /* Sources */ = {
			isa = PBXSourcesBuildPhase;
			buildActionMask = 2147483647;
			files = (
				80705A5F21142DB800488F71 /* search.swift in Sources */,
				80705A652114D18400488F71 /* colors.swift in Sources */,
				80705A612114380200488F71 /* execute.swift in Sources */,
				80705A56211379BB00488F71 /* main.swift in Sources */,
				80705A632114CDCD00488F71 /* process.swift in Sources */,
				80705A6721191FAB00488F71 /* help.swift in Sources */,
				80705A5D21141E6000488F71 /* parse.swift in Sources */,
			);
			runOnlyForDeploymentPostprocessing = 0;
		};
/* End PBXSourcesBuildPhase section */

/* Begin XCBuildConfiguration section */
		80705A57211379BB00488F71 /* Debug */ = {
			isa = XCBuildConfiguration;
			buildSettings = {
				ALWAYS_SEARCH_USER_PATHS = NO;
				CLANG_ANALYZER_NONNULL = YES;
				CLANG_ANALYZER_NUMBER_OBJECT_CONVERSION = YES_AGGRESSIVE;
				CLANG_CXX_LANGUAGE_STANDARD = "gnu++14";
				CLANG_CXX_LIBRARY = "libc++";
				CLANG_ENABLE_MODULES = YES;
				CLANG_ENABLE_OBJC_ARC = YES;
				CLANG_ENABLE_OBJC_WEAK = YES;
				CLANG_WARN_BLOCK_CAPTURE_AUTORELEASING = YES;
				CLANG_WARN_BOOL_CONVERSION = YES;
				CLANG_WARN_COMMA = YES;
				CLANG_WARN_CONSTANT_CONVERSION = YES;
				CLANG_WARN_DEPRECATED_OBJC_IMPLEMENTATIONS = YES;
				CLANG_WARN_DIRECT_OBJC_ISA_USAGE = YES_ERROR;
				CLANG_WARN_DOCUMENTATION_COMMENTS = YES;
				CLANG_WARN_EMPTY_BODY = YES;
				CLANG_WARN_ENUM_CONVERSION = YES;
				CLANG_WARN_INFINITE_RECURSION = YES;
				CLANG_WARN_INT_CONVERSION = YES;
				CLANG_WARN_NON_LITERAL_NULL_CONVERSION = YES;
				CLANG_WARN_OBJC_IMPLICIT_RETAIN_SELF = YES;
				CLANG_WARN_OBJC_LITERAL_CONVERSION = YES;
				CLANG_WARN_OBJC_ROOT_CLASS = YES_ERROR;
				CLANG_WARN_RANGE_LOOP_ANALYSIS = YES;
				CLANG_WARN_STRICT_PROTOTYPES = YES;
				CLANG_WARN_SUSPICIOUS_MOVE = YES;
				CLANG_WARN_UNGUARDED_AVAILABILITY = YES_AGGRESSIVE;
				CLANG_WARN_UNREACHABLE_CODE = YES;
				CLANG_WARN__DUPLICATE_METHOD_MATCH = YES;
				CODE_SIGN_IDENTITY = "-";
				COPY_PHASE_STRIP = NO;
				DEBUG_INFORMATION_FORMAT = dwarf;
				ENABLE_STRICT_OBJC_MSGSEND = YES;
				ENABLE_TESTABILITY = YES;
				GCC_C_LANGUAGE_STANDARD = gnu11;
				GCC_DYNAMIC_NO_PIC = NO;
				GCC_NO_COMMON_BLOCKS = YES;
				GCC_OPTIMIZATION_LEVEL = 0;
				GCC_PREPROCESSOR_DEFINITIONS = (
					"DEBUG=1",
					"$(inherited)",
				);
				GCC_WARN_64_TO_32_BIT_CONVERSION = YES;
				GCC_WARN_ABOUT_RETURN_TYPE = YES_ERROR;
				GCC_WARN_UNDECLARED_SELECTOR = YES;
				GCC_WARN_UNINITIALIZED_AUTOS = YES_AGGRESSIVE;
				GCC_WARN_UNUSED_FUNCTION = YES;
				GCC_WARN_UNUSED_VARIABLE = YES;
				MACOSX_DEPLOYMENT_TARGET = 10.13;
				MTL_ENABLE_DEBUG_INFO = YES;
				ONLY_ACTIVE_ARCH = YES;
				SDKROOT = macosx;
				SWIFT_ACTIVE_COMPILATION_CONDITIONS = DEBUG;
				SWIFT_OPTIMIZATION_LEVEL = "-Onone";
			};
			name = Debug;
		};
		80705A58211379BB00488F71 /* Release */ = {
			isa = XCBuildConfiguration;
			buildSettings = {
				ALWAYS_SEARCH_USER_PATHS = NO;
				CLANG_ANALYZER_NONNULL = YES;
				CLANG_ANALYZER_NUMBER_OBJECT_CONVERSION = YES_AGGRESSIVE;
				CLANG_CXX_LANGUAGE_STANDARD = "gnu++14";
				CLANG_CXX_LIBRARY = "libc++";
				CLANG_ENABLE_MODULES = YES;
				CLANG_ENABLE_OBJC_ARC = YES;
				CLANG_ENABLE_OBJC_WEAK = YES;
				CLANG_WARN_BLOCK_CAPTURE_AUTORELEASING = YES;
				CLANG_WARN_BOOL_CONVERSION = YES;
				CLANG_WARN_COMMA = YES;
				CLANG_WARN_CONSTANT_CONVERSION = YES;
				CLANG_WARN_DEPRECATED_OBJC_IMPLEMENTATIONS = YES;
				CLANG_WARN_DIRECT_OBJC_ISA_USAGE = YES_ERROR;
				CLANG_WARN_DOCUMENTATION_COMMENTS = YES;
				CLANG_WARN_EMPTY_BODY = YES;
				CLANG_WARN_ENUM_CONVERSION = YES;
				CLANG_WARN_INFINITE_RECURSION = YES;
				CLANG_WARN_INT_CONVERSION = YES;
				CLANG_WARN_NON_LITERAL_NULL_CONVERSION = YES;
				CLANG_WARN_OBJC_IMPLICIT_RETAIN_SELF = YES;
				CLANG_WARN_OBJC_LITERAL_CONVERSION = YES;
				CLANG_WARN_OBJC_ROOT_CLASS = YES_ERROR;
				CLANG_WARN_RANGE_LOOP_ANALYSIS = YES;
				CLANG_WARN_STRICT_PROTOTYPES = YES;
				CLANG_WARN_SUSPICIOUS_MOVE = YES;
				CLANG_WARN_UNGUARDED_AVAILABILITY = YES_AGGRESSIVE;
				CLANG_WARN_UNREACHABLE_CODE = YES;
				CLANG_WARN__DUPLICATE_METHOD_MATCH = YES;
				CODE_SIGN_IDENTITY = "-";
				COPY_PHASE_STRIP = NO;
				DEBUG_INFORMATION_FORMAT = "dwarf-with-dsym";
				ENABLE_NS_ASSERTIONS = NO;
				ENABLE_STRICT_OBJC_MSGSEND = YES;
				GCC_C_LANGUAGE_STANDARD = gnu11;
				GCC_NO_COMMON_BLOCKS = YES;
				GCC_WARN_64_TO_32_BIT_CONVERSION = YES;
				GCC_WARN_ABOUT_RETURN_TYPE = YES_ERROR;
				GCC_WARN_UNDECLARED_SELECTOR = YES;
				GCC_WARN_UNINITIALIZED_AUTOS = YES_AGGRESSIVE;
				GCC_WARN_UNUSED_FUNCTION = YES;
				GCC_WARN_UNUSED_VARIABLE = YES;
				MACOSX_DEPLOYMENT_TARGET = 10.13;
				MTL_ENABLE_DEBUG_INFO = NO;
				SDKROOT = macosx;
				SWIFT_COMPILATION_MODE = wholemodule;
				SWIFT_OPTIMIZATION_LEVEL = "-O";
			};
			name = Release;
		};
		80705A5A211379BB00488F71 /* Debug */ = {
			isa = XCBuildConfiguration;
			buildSettings = {
				CODE_SIGN_STYLE = Automatic;
				PRODUCT_NAME = "$(TARGET_NAME)";
				SWIFT_VERSION = 4.0;
			};
			name = Debug;
		};
		80705A5B211379BB00488F71 /* Release */ = {
			isa = XCBuildConfiguration;
			buildSettings = {
				CODE_SIGN_STYLE = Automatic;
				PRODUCT_NAME = "$(TARGET_NAME)";
				SWIFT_VERSION = 4.0;
			};
			name = Release;
		};
/* End XCBuildConfiguration section */

/* Begin XCConfigurationList section */
		80705A4D211379BB00488F71 /* Build configuration list for PBXProject "upstream" */ = {
			isa = XCConfigurationList;
			buildConfigurations = (
				80705A57211379BB00488F71 /* Debug */,
				80705A58211379BB00488F71 /* Release */,
			);
			defaultConfigurationIsVisible = 0;
			defaultConfigurationName = Release;
		};
		80705A59211379BB00488F71 /* Build configuration list for PBXNativeTarget "upstream" */ = {
			isa = XCConfigurationList;
			buildConfigurations = (
				80705A5A211379BB00488F71 /* Debug */,
				80705A5B211379BB00488F71 /* Release */,
			);
			defaultConfigurationIsVisible = 0;
			defaultConfigurationName = Release;
		};
/* End XCConfigurationList section */
	};
	rootObject = 80705A4A211379BB00488F71 /* Project object */;
}
